
Microsoft Visual Studio Solution File, Format Version 12.00
# Visual Studio Version 17
VisualStudioVersion = 17.5.002.0
MinimumVisualStudioVersion = 10.0.40219.1
Project("{9A19103F-16F7-4668-BE54-9A1E7A4F7556}") = "20200902-puppeteer-sharp", "FunctionApp\20200902-puppeteer-sharp.csproj", "{083ADCBF-F266-4AB8-8765-5E0B59957583}"
EndProject
Project("{9A19103F-16F7-4668-BE54-9A1E7A4F7556}") = "RazorPagesApp", "RazorPagesApp\RazorPagesApp.csproj", "{84FA19F3-AD1E-4B9B-849C-AB09E14805FD}"
EndProject
Global
	GlobalSection(SolutionConfigurationPlatforms) = preSolution
		Debug|Any CPU = Debug|Any CPU
		Release|Any CPU = Release|Any CPU
	EndGlobalSection
	GlobalSection(ProjectConfigurationPlatforms) = postSolution
		{083ADCBF-F266-4AB8-8765-5E0B59957583}.Debug|Any CPU.ActiveCfg = Debug|Any CPU
		{083ADCBF-F266-4AB8-8765-5E0B59957583}.Debug|Any CPU.Build.0 = Debug|Any CPU
		{083ADCBF-F266-4AB8-8765-5E0B59957583}.Release|Any CPU.ActiveCfg = Release|Any CPU
		{083ADCBF-F266-4AB8-8765-5E0B59957583}.Release|Any CPU.Build.0 = Release|Any CPU
		{84FA19F3-AD1E-4B9B-849C-AB09E14805FD}.Debug|Any CPU.ActiveCfg = Debug|Any CPU
		{84FA19F3-AD1E-4B9B-849C-AB09E14805FD}.Debug|Any CPU.Build.0 = Debug|Any CPU
		{84FA19F3-AD1E-4B9B-849C-AB09E14805FD}.Release|Any CPU.ActiveCfg = Release|Any CPU
		{84FA19F3-AD1E-4B9B-849C-AB09E14805FD}.Release|Any CPU.Build.0 = Release|Any CPU
	EndGlobalSection
	GlobalSection(SolutionProperties) = preSolution
		HideSolutionNode = FALSE
	EndGlobalSection
	GlobalSection(ExtensibilityGlobals) = postSolution
		SolutionGuid = {7CA48CC4-E774-41D0-8513-0FEB0D0578EA}
	EndGlobalSection
EndGlobal
